
Microsoft Visual Studio Solution File, Format Version 12.00
# Visual Studio Version 16
VisualStudioVersion = 16.0.30503.244
MinimumVisualStudioVersion = 15.0.26124.0
Project("{2150E333-8FDC-42A3-9474-1A3956D46DE8}") = "src", "src", "{66477C33-E485-4020-B0CD-5F3D448A82EE}"
EndProject
Project("{FAE04EC0-301F-11D3-BF4B-00C04F79EFBC}") = "Redis.Demo", "Redis.Demo\Redis.Demo.csproj", "{E82D156A-B1BE-4BE0-AF95-D32D337B24F9}"
EndProject
Global
	GlobalSection(SolutionConfigurationPlatforms) = preSolution
		Debug|Any CPU = Debug|Any CPU
		Debug|x64 = Debug|x64
		Debug|x86 = Debug|x86
		Release|Any CPU = Release|Any CPU
		Release|x64 = Release|x64
		Release|x86 = Release|x86
	EndGlobalSection
	GlobalSection(ProjectConfigurationPlatforms) = postSolution
		{E82D156A-B1BE-4BE0-AF95-D32D337B24F9}.Debug|Any CPU.ActiveCfg = Debug|Any CPU
		{E82D156A-B1BE-4BE0-AF95-D32D337B24F9}.Debug|Any CPU.Build.0 = Debug|Any CPU
		{E82D156A-B1BE-4BE0-AF95-D32D337B24F9}.Debug|x64.ActiveCfg = Debug|Any CPU
		{E82D156A-B1BE-4BE0-AF95-D32D337B24F9}.Debug|x64.Build.0 = Debug|Any CPU
		{E82D156A-B1BE-4BE0-AF95-D32D337B24F9}.Debug|x86.ActiveCfg = Debug|Any CPU
		{E82D156A-B1BE-4BE0-AF95-D32D337B24F9}.Debug|x86.Build.0 = Debug|Any CPU
		{E82D156A-B1BE-4BE0-AF95-D32D337B24F9}.Release|Any CPU.ActiveCfg = Release|Any CPU
		{E82D156A-B1BE-4BE0-AF95-D32D337B24F9}.Release|Any CPU.Build.0 = Release|Any CPU
		{E82D156A-B1BE-4BE0-AF95-D32D337B24F9}.Release|x64.ActiveCfg = Release|Any CPU
		{E82D156A-B1BE-4BE0-AF95-D32D337B24F9}.Release|x64.Build.0 = Release|Any CPU
		{E82D156A-B1BE-4BE0-AF95-D32D337B24F9}.Release|x86.ActiveCfg = Release|Any CPU
		{E82D156A-B1BE-4BE0-AF95-D32D337B24F9}.Release|x86.Build.0 = Release|Any CPU
	EndGlobalSection
	GlobalSection(SolutionProperties) = preSolution
		HideSolutionNode = FALSE
	EndGlobalSection
	GlobalSection(NestedProjects) = preSolution
		{E82D156A-B1BE-4BE0-AF95-D32D337B24F9} = {66477C33-E485-4020-B0CD-5F3D448A82EE}
	EndGlobalSection
	GlobalSection(ExtensibilityGlobals) = postSolution
		SolutionGuid = {B24F66D9-6FE1-4437-A69D-857EF9033EF3}
	EndGlobalSection
EndGlobal
